
Microsoft Visual Studio Solution File, Format Version 12.00
# Visual Studio Version 16
VisualStudioVersion = 16.0.30225.117
MinimumVisualStudioVersion = 10.0.40219.1
Project("{FAE04EC0-301F-11D3-BF4B-00C04F79EFBC}") = "Logger", "Logger\Logger.csproj", "{3097416C-7E8D-4ECB-906F-56549FFBA57D}"
EndProject
Project("{FAE04EC0-301F-11D3-BF4B-00C04F79EFBC}") = "LogTest", "LogTest\LogTest.csproj", "{EB873F7B-9006-4517-9542-71C6B0495E4F}"
EndProject
Global
	GlobalSection(SolutionConfigurationPlatforms) = preSolution
		Debug|Any CPU = Debug|Any CPU
		Release|Any CPU = Release|Any CPU
	EndGlobalSection
	GlobalSection(ProjectConfigurationPlatforms) = postSolution
		{3097416C-7E8D-4ECB-906F-56549FFBA57D}.Debug|Any CPU.ActiveCfg = Debug|Any CPU
		{3097416C-7E8D-4ECB-906F-56549FFBA57D}.Debug|Any CPU.Build.0 = Debug|Any CPU
		{3097416C-7E8D-4ECB-906F-56549FFBA57D}.Release|Any CPU.ActiveCfg = Release|Any CPU
		{3097416C-7E8D-4ECB-906F-56549FFBA57D}.Release|Any CPU.Build.0 = Release|Any CPU
		{EB873F7B-9006-4517-9542-71C6B0495E4F}.Debug|Any CPU.ActiveCfg = Debug|Any CPU
		{EB873F7B-9006-4517-9542-71C6B0495E4F}.Debug|Any CPU.Build.0 = Debug|Any CPU
		{EB873F7B-9006-4517-9542-71C6B0495E4F}.Release|Any CPU.ActiveCfg = Release|Any CPU
		{EB873F7B-9006-4517-9542-71C6B0495E4F}.Release|Any CPU.Build.0 = Release|Any CPU
	EndGlobalSection
	GlobalSection(SolutionProperties) = preSolution
		HideSolutionNode = FALSE
	EndGlobalSection
	GlobalSection(ExtensibilityGlobals) = postSolution
		SolutionGuid = {69011379-DC8A-4BDB-B38B-A504F41127F0}
	EndGlobalSection
EndGlobal
